
Microsoft Visual Studio Solution File, Format Version 12.00
# Visual Studio 14
VisualStudioVersion = 14.0.25420.1
MinimumVisualStudioVersion = 10.0.40219.1
Project("{FAE04EC0-301F-11D3-BF4B-00C04F79EFBC}") = "Parallel three axis robot_2016_11_21", "Parallel three axis robot_2016_11_21\Parallel three axis robot_2016_11_21.csproj", "{891A4951-F5FA-42C5-AA91-F8CFB6B8D149}"
EndProject
Global
	GlobalSection(SolutionConfigurationPlatforms) = preSolution
		Debug|Any CPU = Debug|Any CPU
		Release|Any CPU = Release|Any CPU
	EndGlobalSection
	GlobalSection(ProjectConfigurationPlatforms) = postSolution
		{891A4951-F5FA-42C5-AA91-F8CFB6B8D149}.Debug|Any CPU.ActiveCfg = Debug|Any CPU
		{891A4951-F5FA-42C5-AA91-F8CFB6B8D149}.Debug|Any CPU.Build.0 = Debug|Any CPU
		{891A4951-F5FA-42C5-AA91-F8CFB6B8D149}.Release|Any CPU.ActiveCfg = Release|Any CPU
		{891A4951-F5FA-42C5-AA91-F8CFB6B8D149}.Release|Any CPU.Build.0 = Release|Any CPU
	EndGlobalSection
	GlobalSection(SolutionProperties) = preSolution
		HideSolutionNode = FALSE
	EndGlobalSection
EndGlobal
